
Microsoft Visual Studio Solution File, Format Version 12.00
# Visual Studio Version 17
VisualStudioVersion = 17.13.35828.75 d17.13
MinimumVisualStudioVersion = 10.0.40219.1
Project("{FAE04EC0-301F-11D3-BF4B-00C04F79EFBC}") = "Pruebas", "Pruebas\Pruebas.csproj", "{296B05F1-036E-43A5-8748-004FDB689D54}"
EndProject
Project("{FAE04EC0-301F-11D3-BF4B-00C04F79EFBC}") = "Simple", "Doble\Simple.csproj", "{A0384957-3E50-4F33-940E-9E18438569CD}"
EndProject
Project("{FAE04EC0-301F-11D3-BF4B-00C04F79EFBC}") = "TestProject1", "TestProject1\TestProject1.csproj", "{5C75CF91-C3B9-4D26-973E-787050A57B17}"
EndProject
Global
	GlobalSection(SolutionConfigurationPlatforms) = preSolution
		Debug|Any CPU = Debug|Any CPU
		Release|Any CPU = Release|Any CPU
	EndGlobalSection
	GlobalSection(ProjectConfigurationPlatforms) = postSolution
		{296B05F1-036E-43A5-8748-004FDB689D54}.Debug|Any CPU.ActiveCfg = Debug|Any CPU
		{296B05F1-036E-43A5-8748-004FDB689D54}.Debug|Any CPU.Build.0 = Debug|Any CPU
		{296B05F1-036E-43A5-8748-004FDB689D54}.Release|Any CPU.ActiveCfg = Release|Any CPU
		{296B05F1-036E-43A5-8748-004FDB689D54}.Release|Any CPU.Build.0 = Release|Any CPU
		{A0384957-3E50-4F33-940E-9E18438569CD}.Debug|Any CPU.ActiveCfg = Debug|Any CPU
		{A0384957-3E50-4F33-940E-9E18438569CD}.Debug|Any CPU.Build.0 = Debug|Any CPU
		{A0384957-3E50-4F33-940E-9E18438569CD}.Release|Any CPU.ActiveCfg = Release|Any CPU
		{A0384957-3E50-4F33-940E-9E18438569CD}.Release|Any CPU.Build.0 = Release|Any CPU
		{5C75CF91-C3B9-4D26-973E-787050A57B17}.Debug|Any CPU.ActiveCfg = Debug|Any CPU
		{5C75CF91-C3B9-4D26-973E-787050A57B17}.Debug|Any CPU.Build.0 = Debug|Any CPU
		{5C75CF91-C3B9-4D26-973E-787050A57B17}.Release|Any CPU.ActiveCfg = Release|Any CPU
		{5C75CF91-C3B9-4D26-973E-787050A57B17}.Release|Any CPU.Build.0 = Release|Any CPU
	EndGlobalSection
	GlobalSection(SolutionProperties) = preSolution
		HideSolutionNode = FALSE
	EndGlobalSection
	GlobalSection(ExtensibilityGlobals) = postSolution
		SolutionGuid = {DEFFDBF2-07E7-42C7-B432-4A80EA479E67}
	EndGlobalSection
EndGlobal
